
Microsoft Visual Studio Solution File, Format Version 11.00
# Visual Studio 2010
Project("{FAE04EC0-301F-11D3-BF4B-00C04F79EFBC}") = "PhoneApp71", "PhoneApp71.csproj", "{9049B84D-9F15-4ADD-BD41-76B440B42FFE}"
EndProject
Global
	GlobalSection(SolutionConfigurationPlatforms) = preSolution
		Debug|Any CPU = Debug|Any CPU
		Release|Any CPU = Release|Any CPU
	EndGlobalSection
	GlobalSection(ProjectConfigurationPlatforms) = postSolution
		{9049B84D-9F15-4ADD-BD41-76B440B42FFE}.Debug|Any CPU.ActiveCfg = Debug|Any CPU
		{9049B84D-9F15-4ADD-BD41-76B440B42FFE}.Debug|Any CPU.Build.0 = Debug|Any CPU
		{9049B84D-9F15-4ADD-BD41-76B440B42FFE}.Debug|Any CPU.Deploy.0 = Debug|Any CPU
		{9049B84D-9F15-4ADD-BD41-76B440B42FFE}.Release|Any CPU.ActiveCfg = Release|Any CPU
		{9049B84D-9F15-4ADD-BD41-76B440B42FFE}.Release|Any CPU.Build.0 = Release|Any CPU
		{9049B84D-9F15-4ADD-BD41-76B440B42FFE}.Release|Any CPU.Deploy.0 = Release|Any CPU
	EndGlobalSection
	GlobalSection(SolutionProperties) = preSolution
		HideSolutionNode = FALSE
	EndGlobalSection
EndGlobal
